// !$*UTF8*$!
{
	archiveVersion = 1;
	classes = {
	};
	objectVersion = 56;
	objects = {

/* Begin PBXBuildFile section */
		A10001 /* WhereApp.swift in Sources */ = {isa = PBXBuildFile; fileRef = A20001 /* WhereApp.swift */; };
		A10002 /* ComposeView.swift in Sources */ = {isa = PBXBuildFile; fileRef = A20002 /* ComposeView.swift */; };
		A10003 /* MapViewFactory.swift in Sources */ = {isa = PBXBuildFile; fileRef = A20003 /* MapViewFactory.swift */; };
/* End PBXBuildFile section */

/* Begin PBXFileReference section */
		A20001 /* WhereApp.swift */ = {isa = PBXFileReference; lastKnownFileType = sourcecode.swift; path = WhereApp.swift; sourceTree = "<group>"; };
		A20002 /* ComposeView.swift */ = {isa = PBXFileReference; lastKnownFileType = sourcecode.swift; path = ComposeView.swift; sourceTree = "<group>"; };
		A20003 /* MapViewFactory.swift */ = {isa = PBXFileReference; lastKnownFileType = sourcecode.swift; path = MapViewFactory.swift; sourceTree = "<group>"; };
		A20004 /* Info.plist */ = {isa = PBXFileReference; lastKnownFileType = text.plist.xml; path = Info.plist; sourceTree = "<group>"; };
		A20005 /* iosApp.app */ = {isa = PBXFileReference; explicitFileType = wrapper.application; includeInIndex = 0; path = iosApp.app; sourceTree = BUILT_PRODUCTS_DIR; };
/* End PBXFileReference section */

/* Begin PBXFrameworksBuildPhase section */
		A30001 /* Frameworks */ = {
			isa = PBXFrameworksBuildPhase;
			buildActionMask = 2147483647;
			files = (
			);
			runOnlyForDeploymentPostprocessing = 0;
		};
/* End PBXFrameworksBuildPhase section */

/* Begin PBXGroup section */
		A40001 = {
			isa = PBXGroup;
			children = (
				A40002 /* iosApp */,
				A40003 /* Products */,
			);
			sourceTree = "<group>";
		};
		A40002 /* iosApp */ = {
			isa = PBXGroup;
			children = (
				A20001 /* WhereApp.swift */,
				A20002 /* ComposeView.swift */,
				A20003 /* MapViewFactory.swift */,
				A20004 /* Info.plist */,
			);
			path = iosApp;
			sourceTree = "<group>";
		};
		A40003 /* Products */ = {
			isa = PBXGroup;
			children = (
				A20005 /* iosApp.app */,
			);
			name = Products;
			sourceTree = "<group>";
		};
/* End PBXGroup section */

/* Begin PBXNativeTarget section */
		A50001 /* iosApp */ = {
			isa = PBXNativeTarget;
			buildConfigurationList = A70001 /* Build configuration list for PBXNativeTarget "iosApp" */;
			buildPhases = (
				A60001 /* Compile Kotlin Framework */,
				A50002 /* Sources */,
				A30001 /* Frameworks */,
				A50003 /* Resources */,
			);
			buildRules = (
			);
			dependencies = (
			);
			name = iosApp;
			packageProductDependencies = (
				A80001 /* MapLibre */,
			);
			productName = iosApp;
			productReference = A20005 /* iosApp.app */;
			productType = "com.apple.product-type.application";
		};
/* End PBXNativeTarget section */

/* Begin PBXProject section */
		A40000 /* Project object */ = {
			isa = PBXProject;
			attributes = {
				BuildIndependentTargetsInParallel = 1;
				LastSwiftUpdateCheck = 1540;
				LastUpgradeCheck = 1540;
			};
			buildConfigurationList = A70000 /* Build configuration list for PBXProject "iosApp" */;
			compatibilityVersion = "Xcode 14.0";
			developmentRegion = en;
			hasScannedForEncodings = 0;
			knownRegions = (
				en,
				Base,
			);
			mainGroup = A40001;
			packageReferences = (
				A80000 /* XCRemoteSwiftPackageReference "maplibre-gl-native-distribution" */,
			);
			productRefGroup = A40003 /* Products */;
			projectDirPath = "";
			projectRoot = "";
			targets = (
				A50001 /* iosApp */,
			);
		};
/* End PBXProject section */

/* Begin PBXResourcesBuildPhase section */
		A50003 /* Resources */ = {
			isa = PBXResourcesBuildPhase;
			buildActionMask = 2147483647;
			files = (
			);
			runOnlyForDeploymentPostprocessing = 0;
		};
/* End PBXResourcesBuildPhase section */

/* Begin PBXShellScriptBuildPhase section */
		A60001 /* Compile Kotlin Framework */ = {
			isa = PBXShellScriptBuildPhase;
			buildActionMask = 2147483647;
			files = (
			);
			inputFileListPaths = (
			);
			inputPaths = (
			);
			name = "Compile Kotlin Framework";
			outputFileListPaths = (
			);
			outputPaths = (
			);
			runOnlyForDeploymentPostprocessing = 0;
			shellPath = /bin/sh;
			shellScript = "cd \"$SRCROOT/..\"\n./gradlew :shared:embedAndSignAppleFrameworkForXcode\n";
		};
/* End PBXShellScriptBuildPhase section */

/* Begin PBXSourcesBuildPhase section */
		A50002 /* Sources */ = {
			isa = PBXSourcesBuildPhase;
			buildActionMask = 2147483647;
			files = (
				A10001 /* WhereApp.swift in Sources */,
				A10002 /* ComposeView.swift in Sources */,
				A10003 /* MapViewFactory.swift in Sources */,
			);
			runOnlyForDeploymentPostprocessing = 0;
		};
/* End PBXSourcesBuildPhase section */

/* Begin XCBuildConfiguration section */
		A70002 /* Debug */ = {
			isa = XCBuildConfiguration;
			buildSettings = {
				ALWAYS_SEARCH_USER_PATHS = NO;
				ASSETCATALOG_COMPILER_GENERATE_SWIFT_ASSET_SYMBOL_EXTENSIONS = YES;
				CLANG_ANALYZER_NONNULL = YES;
				CLANG_CXX_LANGUAGE_STANDARD = "gnu++20";
				CLANG_ENABLE_MODULES = YES;
				CLANG_ENABLE_OBJC_ARC = YES;
				COPY_PHASE_STRIP = NO;
				DEBUG_INFORMATION_FORMAT = dwarf;
				ENABLE_STRICT_OBJC_MSGSEND = YES;
				ENABLE_TESTABILITY = YES;
				GCC_DYNAMIC_NO_PIC = NO;
				GCC_OPTIMIZATION_LEVEL = 0;
				GCC_PREPROCESSOR_DEFINITIONS = (
					"DEBUG=1",
					"$(inherited)",
				);
				GCC_WARN_ABOUT_RETURN_TYPE = YES_ERROR;
				GCC_WARN_UNINITIALIZED_AUTOS = YES_AGGRESSIVE;
				IPHONEOS_DEPLOYMENT_TARGET = 16.0;
				MTL_ENABLE_DEBUG_INFO = INCLUDE_SOURCE;
				ONLY_ACTIVE_ARCH = YES;
				SDKROOT = iphoneos;
				SWIFT_ACTIVE_COMPILATION_CONDITIONS = "$(inherited) DEBUG";
				SWIFT_OPTIMIZATION_LEVEL = "-Onone";
			};
			name = Debug;
		};
		A70003 /* Release */ = {
			isa = XCBuildConfiguration;
			buildSettings = {
				ALWAYS_SEARCH_USER_PATHS = NO;
				ASSETCATALOG_COMPILER_GENERATE_SWIFT_ASSET_SYMBOL_EXTENSIONS = YES;
				CLANG_ANALYZER_NONNULL = YES;
				CLANG_CXX_LANGUAGE_STANDARD = "gnu++20";
				CLANG_ENABLE_MODULES = YES;
				CLANG_ENABLE_OBJC_ARC = YES;
				COPY_PHASE_STRIP = NO;
				DEBUG_INFORMATION_FORMAT = "dwarf-with-dsym";
				ENABLE_NS_ASSERTIONS = NO;
				ENABLE_STRICT_OBJC_MSGSEND = YES;
				GCC_WARN_ABOUT_RETURN_TYPE = YES_ERROR;
				GCC_WARN_UNINITIALIZED_AUTOS = YES_AGGRESSIVE;
				IPHONEOS_DEPLOYMENT_TARGET = 16.0;
				SDKROOT = iphoneos;
				SWIFT_COMPILATION_MODE = wholemodule;
				VALIDATE_PRODUCT = YES;
			};
			name = Release;
		};
		A70004 /* Debug */ = {
			isa = XCBuildConfiguration;
			buildSettings = {
				ASSETCATALOG_COMPILER_APPICON_NAME = AppIcon;
				CODE_SIGN_STYLE = Automatic;
				CURRENT_PROJECT_VERSION = 1;
				DEVELOPMENT_TEAM = "";
				ENABLE_PREVIEWS = YES;
				FRAMEWORK_SEARCH_PATHS = "$(SRCROOT)/../shared/build/xcode-frameworks/$(CONFIGURATION)/$(SDK_NAME)";
				GENERATE_INFOPLIST_FILE = YES;
				INFOPLIST_FILE = iosApp/Info.plist;
				INFOPLIST_KEY_UIApplicationSceneManifest_Generation = YES;
				INFOPLIST_KEY_UIApplicationSupportsIndirectInputEvents = YES;
				INFOPLIST_KEY_UILaunchScreen_Generation = YES;
				INFOPLIST_KEY_UISupportedInterfaceOrientations = "UIInterfaceOrientationPortrait UIInterfaceOrientationLandscapeLeft UIInterfaceOrientationLandscapeRight";
				LD_RUNPATH_SEARCH_PATHS = (
					"$(inherited)",
					"@executable_path/Frameworks",
				);
				MARKETING_VERSION = 1.0;
				OTHER_LDFLAGS = (
					"$(inherited)",
					"-framework",
					Shared,
				);
				PRODUCT_BUNDLE_IDENTIFIER = no.synth.where;
				PRODUCT_NAME = "$(TARGET_NAME)";
				SWIFT_EMIT_LOC_STRINGS = YES;
				SWIFT_VERSION = 5.0;
				TARGETED_DEVICE_FAMILY = "1,2";
			};
			name = Debug;
		};
		A70005 /* Release */ = {
			isa = XCBuildConfiguration;
			buildSettings = {
				ASSETCATALOG_COMPILER_APPICON_NAME = AppIcon;
				CODE_SIGN_STYLE = Automatic;
				CURRENT_PROJECT_VERSION = 1;
				DEVELOPMENT_TEAM = "";
				ENABLE_PREVIEWS = YES;
				FRAMEWORK_SEARCH_PATHS = "$(SRCROOT)/../shared/build/xcode-frameworks/$(CONFIGURATION)/$(SDK_NAME)";
				GENERATE_INFOPLIST_FILE = YES;
				INFOPLIST_FILE = iosApp/Info.plist;
				INFOPLIST_KEY_UIApplicationSceneManifest_Generation = YES;
				INFOPLIST_KEY_UIApplicationSupportsIndirectInputEvents = YES;
				INFOPLIST_KEY_UILaunchScreen_Generation = YES;
				INFOPLIST_KEY_UISupportedInterfaceOrientations = "UIInterfaceOrientationPortrait UIInterfaceOrientationLandscapeLeft UIInterfaceOrientationLandscapeRight";
				LD_RUNPATH_SEARCH_PATHS = (
					"$(inherited)",
					"@executable_path/Frameworks",
				);
				MARKETING_VERSION = 1.0;
				OTHER_LDFLAGS = (
					"$(inherited)",
					"-framework",
					Shared,
				);
				PRODUCT_BUNDLE_IDENTIFIER = no.synth.where;
				PRODUCT_NAME = "$(TARGET_NAME)";
				SWIFT_EMIT_LOC_STRINGS = YES;
				SWIFT_VERSION = 5.0;
				TARGETED_DEVICE_FAMILY = "1,2";
			};
			name = Release;
		};
/* End XCBuildConfiguration section */

/* Begin XCConfigurationList section */
		A70000 /* Build configuration list for PBXProject "iosApp" */ = {
			isa = XCConfigurationList;
			buildConfigurations = (
				A70002 /* Debug */,
				A70003 /* Release */,
			);
			defaultConfigurationIsVisible = 0;
			defaultConfigurationName = Release;
		};
		A70001 /* Build configuration list for PBXNativeTarget "iosApp" */ = {
			isa = XCConfigurationList;
			buildConfigurations = (
				A70004 /* Debug */,
				A70005 /* Release */,
			);
			defaultConfigurationIsVisible = 0;
			defaultConfigurationName = Release;
		};
/* End XCConfigurationList section */

/* Begin XCRemoteSwiftPackageReference section */
		A80000 /* XCRemoteSwiftPackageReference "maplibre-gl-native-distribution" */ = {
			isa = XCRemoteSwiftPackageReference;
			repositoryURL = "https://github.com/maplibre/maplibre-gl-native-distribution";
			requirement = {
				kind = upToNextMajorVersion;
				minimumVersion = 6.0.0;
			};
		};
/* End XCRemoteSwiftPackageReference section */

/* Begin XCSwiftPackageProductDependency section */
		A80001 /* MapLibre */ = {
			isa = XCSwiftPackageProductDependency;
			package = A80000 /* XCRemoteSwiftPackageReference "maplibre-gl-native-distribution" */;
			productName = MapLibre;
		};
/* End XCSwiftPackageProductDependency section */

	};
	rootObject = A40000 /* Project object */;
}
